
Microsoft Visual Studio Solution File, Format Version 11.00
# Visual Studio 2010
Project("{FAE04EC0-301F-11D3-BF4B-00C04F79EFBC}") = "Assembly-CSharp", "Assembly-CSharp.csproj", "{e56fcd66-7f54-d1dc-8961-1b5e3ed20a20}"
EndProject
Project("{FAE04EC0-301F-11D3-BF4B-00C04F79EFBC}") = "Assembly-CSharp-Editor", "Assembly-CSharp-Editor.csproj", "{f356ee3d-719b-0f68-4bcb-2c82505fc25e}"
EndProject
Global
	GlobalSection(SolutionConfigurationPlatforms) = preSolution
		Debug|Any CPU = Debug|Any CPU
	EndGlobalSection
	GlobalSection(ProjectConfigurationPlatforms) = postSolution
		{e56fcd66-7f54-d1dc-8961-1b5e3ed20a20}.Debug|Any CPU.ActiveCfg = Debug|Any CPU
		{e56fcd66-7f54-d1dc-8961-1b5e3ed20a20}.Debug|Any CPU.Build.0 = Debug|Any CPU
		{f356ee3d-719b-0f68-4bcb-2c82505fc25e}.Debug|Any CPU.ActiveCfg = Debug|Any CPU
		{f356ee3d-719b-0f68-4bcb-2c82505fc25e}.Debug|Any CPU.Build.0 = Debug|Any CPU
	EndGlobalSection
	GlobalSection(SolutionProperties) = preSolution
		HideSolutionNode = FALSE
	EndGlobalSection
EndGlobal
